
Microsoft Visual Studio Solution File, Format Version 12.00
# Visual Studio Version 16
VisualStudioVersion = 16.0.32407.337
MinimumVisualStudioVersion = 10.0.40219.1
Project("{8BC9CEB8-8B4A-11D0-8D11-00A0C91BC942}") = "SP.22.CIS.1202.501_WK14_I_P_V_F", "SP.22.CIS.1202.501_WK14_I_P_V_F\SP.22.CIS.1202.501_WK14_I_P_V_F.vcxproj", "{C46D69D1-C4E0-494B-A7BC-092470B0D900}"
EndProject
Global
	GlobalSection(SolutionConfigurationPlatforms) = preSolution
		Debug|x64 = Debug|x64
		Debug|x86 = Debug|x86
		Release|x64 = Release|x64
		Release|x86 = Release|x86
	EndGlobalSection
	GlobalSection(ProjectConfigurationPlatforms) = postSolution
		{C46D69D1-C4E0-494B-A7BC-092470B0D900}.Debug|x64.ActiveCfg = Debug|x64
		{C46D69D1-C4E0-494B-A7BC-092470B0D900}.Debug|x64.Build.0 = Debug|x64
		{C46D69D1-C4E0-494B-A7BC-092470B0D900}.Debug|x86.ActiveCfg = Debug|Win32
		{C46D69D1-C4E0-494B-A7BC-092470B0D900}.Debug|x86.Build.0 = Debug|Win32
		{C46D69D1-C4E0-494B-A7BC-092470B0D900}.Release|x64.ActiveCfg = Release|x64
		{C46D69D1-C4E0-494B-A7BC-092470B0D900}.Release|x64.Build.0 = Release|x64
		{C46D69D1-C4E0-494B-A7BC-092470B0D900}.Release|x86.ActiveCfg = Release|Win32
		{C46D69D1-C4E0-494B-A7BC-092470B0D900}.Release|x86.Build.0 = Release|Win32
	EndGlobalSection
	GlobalSection(SolutionProperties) = preSolution
		HideSolutionNode = FALSE
	EndGlobalSection
	GlobalSection(ExtensibilityGlobals) = postSolution
		SolutionGuid = {5714BE01-66BE-41A7-9838-3D1CC18EDF98}
	EndGlobalSection
EndGlobal
